<?xml version="1.0" encoding="UTF-8"?>
<Scheme
   LastUpgradeVersion = "2630"
   version = "1.7">
   <BuildAction
      parallelizeBuildables = "YES"
      buildImplicitDependencies = "YES"
      buildArchitectures = "Automatic">
      <PreActions>
         <ExecutionAction
            ActionType = "Xcode.IDEStandardExecutionActionsCore.ExecutionActionType.ShellScriptAction">
            <ActionContent
               title = "Build Rust local inference runtime"
               scriptText = "/bin/bash &quot;${SRCROOT}/../../scripts/build-local-inference-xcode.sh&quot;&#10;">
               <EnvironmentBuildable>
                  <BuildableReference
                     BuildableIdentifier = "primary"
                     BlueprintIdentifier = "0A0000010000000000000021"
                     BuildableName = "LocalAgentApp.app"
                     BlueprintName = "LocalAgentApp"
                     ReferencedContainer = "container:LocalAgentApp.xcodeproj">
                  </BuildableReference>
               </EnvironmentBuildable>
            </ActionContent>
         </ExecutionAction>
      </PreActions>
      <BuildActionEntries>
         <BuildActionEntry
            buildForTesting = "YES"
            buildForRunning = "YES"
            buildForProfiling = "YES"
            buildForArchiving = "YES"
            buildForAnalyzing = "YES">
            <BuildableReference
               BuildableIdentifier = "primary"
               BlueprintIdentifier = "0A0000010000000000000021"
               BuildableName = "LocalAgentApp.app"
               BlueprintName = "LocalAgentApp"
               ReferencedContainer = "container:LocalAgentApp.xcodeproj">
            </BuildableReference>
         </BuildActionEntry>
      </BuildActionEntries>
   </BuildAction>
   <TestAction
      buildConfiguration = "Debug"
      selectedDebuggerIdentifier = "Xcode.DebuggerFoundation.Debugger.LLDB"
      selectedLauncherIdentifier = "Xcode.DebuggerFoundation.Launcher.LLDB"
      shouldUseLaunchSchemeArgsEnv = "YES"
      shouldAutocreateTestPlan = "YES">
      <Testables>
         <TestableReference
            skipped = "NO"
            parallelizable = "YES">
            <BuildableReference
               BuildableIdentifier = "primary"
               BlueprintIdentifier = "0A0000010000000000000024"
               BuildableName = "LocalAgentAppTests.xctest"
               BlueprintName = "LocalAgentAppTests"
               ReferencedContainer = "container:LocalAgentApp.xcodeproj">
            </BuildableReference>
         </TestableReference>
      </Testables>
   </TestAction>
   <LaunchAction
      buildConfiguration = "Debug"
      selectedDebuggerIdentifier = "Xcode.DebuggerFoundation.Debugger.LLDB"
      selectedLauncherIdentifier = "Xcode.DebuggerFoundation.Launcher.LLDB"
      launchStyle = "0"
      useCustomWorkingDirectory = "NO"
      ignoresPersistentStateOnLaunch = "NO"
      debugDocumentVersioning = "YES"
      debugServiceExtension = "internal"
      allowLocationSimulation = "YES">
      <BuildableProductRunnable
         runnableDebuggingMode = "0">
         <BuildableReference
            BuildableIdentifier = "primary"
            BlueprintIdentifier = "0A0000010000000000000021"
            BuildableName = "LocalAgentApp.app"
            BlueprintName = "LocalAgentApp"
            ReferencedContainer = "container:LocalAgentApp.xcodeproj">
         </BuildableReference>
      </BuildableProductRunnable>
      <EnvironmentVariables>
         <EnvironmentVariable
            key = "LOCAL_AGENT_DEFAULT_PROVIDER_ID"
            value = "local_llm"
            isEnabled = "YES">
         </EnvironmentVariable>
         <EnvironmentVariable
            key = "LOCAL_AGENT_SIMULATOR_MODEL_CONFIG_JSON"
            value = "{&quot;backend&quot;:&quot;llama_cpp&quot;,&quot;model_path&quot;:&quot;/Users/alexandercou/Projects/minicpmv-town/models/MiniCPM-V-4_6-Q4_K_M.gguf&quot;,&quot;mmproj_path&quot;:&quot;/Users/alexandercou/Projects/minicpmv-town/models/mmproj-model-f16.gguf&quot;,&quot;chat_template&quot;:&quot;gguf&quot;,&quot;max_new_tokens&quot;:512,&quot;n_threads&quot;:4,&quot;n_gpu_layers&quot;:0}"
            isEnabled = "YES">
         </EnvironmentVariable>
      </EnvironmentVariables>
   </LaunchAction>
   <ProfileAction
      buildConfiguration = "Release"
      shouldUseLaunchSchemeArgsEnv = "YES"
      savedToolIdentifier = ""
      useCustomWorkingDirectory = "NO"
      debugDocumentVersioning = "YES">
      <BuildableProductRunnable
         runnableDebuggingMode = "0">
         <BuildableReference
            BuildableIdentifier = "primary"
            BlueprintIdentifier = "0A0000010000000000000021"
            BuildableName = "LocalAgentApp.app"
            BlueprintName = "LocalAgentApp"
            ReferencedContainer = "container:LocalAgentApp.xcodeproj">
         </BuildableReference>
      </BuildableProductRunnable>
   </ProfileAction>
   <AnalyzeAction
      buildConfiguration = "Debug">
   </AnalyzeAction>
   <ArchiveAction
      buildConfiguration = "Release"
      revealArchiveInOrganizer = "YES">
   </ArchiveAction>
</Scheme>
