// !$*UTF8*$!
{
	archiveVersion = 1;
	classes = {
	};
	objectVersion = 77;
	objects = {

/* Begin PBXBuildFile section */
		0A0000010000000000000001 /* LocalAgentApp.swift in Sources */ = {isa = PBXBuildFile; fileRef = 0A0000010000000000000101 /* LocalAgentApp.swift */; };
		0A0000010000000000000002 /* AppBootstrapper.swift in Sources */ = {isa = PBXBuildFile; fileRef = 0A0000010000000000000102 /* AppBootstrapper.swift */; };
		0A0000010000000000000003 /* AppContainer.swift in Sources */ = {isa = PBXBuildFile; fileRef = 0A0000010000000000000103 /* AppContainer.swift */; };
		0A0000010000000000000004 /* AgentViewModel.swift in Sources */ = {isa = PBXBuildFile; fileRef = 0A0000010000000000000104 /* AgentViewModel.swift */; };
		0A0000010000000000000005 /* AgentRuntimeService.swift in Sources */ = {isa = PBXBuildFile; fileRef = 0A0000010000000000000105 /* AgentRuntimeService.swift */; };
		0A0000010000000000000006 /* RuntimeEventReducer.swift in Sources */ = {isa = PBXBuildFile; fileRef = 0A0000010000000000000106 /* RuntimeEventReducer.swift */; };
		0A0000010000000000000007 /* MinimalHostToolDriver.swift in Sources */ = {isa = PBXBuildFile; fileRef = 0A0000010000000000000107 /* MinimalHostToolDriver.swift */; };
		0A0000010000000000000008 /* AgentViewState.swift in Sources */ = {isa = PBXBuildFile; fileRef = 0A0000010000000000000108 /* AgentViewState.swift */; };
		0A0000010000000000000009 /* ChatView.swift in Sources */ = {isa = PBXBuildFile; fileRef = 0A0000010000000000000109 /* ChatView.swift */; };
		0A000001000000000000000A /* Assets.xcassets in Resources */ = {isa = PBXBuildFile; fileRef = 0A000001000000000000010A /* Assets.xcassets */; };
		0A000001000000000000000B /* LocalAgentBridge in Frameworks */ = {isa = PBXBuildFile; productRef = 0A0000010000000000000301 /* LocalAgentBridge */; };
		0A000001000000000000000C /* LocalNativeToolkit in Frameworks */ = {isa = PBXBuildFile; productRef = 0A0000010000000000000302 /* LocalNativeToolkit */; };
		0A000001000000000000000D /* RuntimeEventReducerTests.swift in Sources */ = {isa = PBXBuildFile; fileRef = 0A0000010000000000000111 /* RuntimeEventReducerTests.swift */; };
		0A000001000000000000000E /* MinimalHostToolDriverTests.swift in Sources */ = {isa = PBXBuildFile; fileRef = 0A0000010000000000000112 /* MinimalHostToolDriverTests.swift */; };
		0A000001000000000000000F /* AgentRuntimeServiceTests.swift in Sources */ = {isa = PBXBuildFile; fileRef = 0A0000010000000000000113 /* AgentRuntimeServiceTests.swift */; };
		0A0000010000000000000010 /* AgentViewModelTests.swift in Sources */ = {isa = PBXBuildFile; fileRef = 0A0000010000000000000114 /* AgentViewModelTests.swift */; };
		0A0000010000000000000011 /* RustRuntimeAppIntegrationTests.swift in Sources */ = {isa = PBXBuildFile; fileRef = 0A0000010000000000000115 /* RustRuntimeAppIntegrationTests.swift */; };
		0A0000010000000000000012 /* LocalAgentBridge in Frameworks */ = {isa = PBXBuildFile; productRef = 0A0000010000000000000301 /* LocalAgentBridge */; };
		0A0000010000000000000013 /* ReasoningTagParserTests.swift in Sources */ = {isa = PBXBuildFile; fileRef = 0A0000010000000000000116 /* ReasoningTagParserTests.swift */; };
		0A0000010000000000000014 /* MessageContent.swift in Sources */ = {isa = PBXBuildFile; fileRef = 0A000001000000000000010C /* MessageContent.swift */; };
		0A0000010000000000000015 /* ReasoningTagParser.swift in Sources */ = {isa = PBXBuildFile; fileRef = 0A000001000000000000010D /* ReasoningTagParser.swift */; };
		0A0000010000000000000016 /* RuntimeStreamBufferTests.swift in Sources */ = {isa = PBXBuildFile; fileRef = 0A0000010000000000000117 /* RuntimeStreamBufferTests.swift */; };
		0A0000010000000000000017 /* RuntimeStreamBuffer.swift in Sources */ = {isa = PBXBuildFile; fileRef = 0A000001000000000000010E /* RuntimeStreamBuffer.swift */; };
		0A0000010000000000000018 /* ConversationService.swift in Sources */ = {isa = PBXBuildFile; fileRef = 0A000001000000000000010F /* ConversationService.swift */; };
		0A0000010000000000000019 /* MessageContentView.swift in Sources */ = {isa = PBXBuildFile; fileRef = 0A0000010000000000000118 /* MessageContentView.swift */; };
		0A000001000000000000001A /* ConversationListView.swift in Sources */ = {isa = PBXBuildFile; fileRef = 0A0000010000000000000119 /* ConversationListView.swift */; };
		0A000001000000000000001B /* AttachmentService.swift in Sources */ = {isa = PBXBuildFile; fileRef = 0A000001000000000000011A /* AttachmentService.swift */; };
		0A000001000000000000001C /* AppIntentRouter.swift in Sources */ = {isa = PBXBuildFile; fileRef = 0A000001000000000000011B /* AppIntentRouter.swift */; };
		0A000001000000000000001D /* LocalAgentShortcuts.swift in Sources */ = {isa = PBXBuildFile; fileRef = 0A000001000000000000011C /* LocalAgentShortcuts.swift */; };
		0A000001000000000000001E /* ChatManagementSheets.swift in Sources */ = {isa = PBXBuildFile; fileRef = 0A000001000000000000011D /* ChatManagementSheets.swift */; };
		0A0000010000000000000027 /* AgentBuilderViewModelTests.swift in Sources */ = {isa = PBXBuildFile; fileRef = 0A0000010000000000000122 /* AgentBuilderViewModelTests.swift */; };
		0A0000010000000000000028 /* RuntimeProjectionModelTests.swift in Sources */ = {isa = PBXBuildFile; fileRef = 0A0000010000000000000123 /* RuntimeProjectionModelTests.swift */; };
		0A0000010000000000000029 /* AgentBuilderViewModel.swift in Sources */ = {isa = PBXBuildFile; fileRef = 0A0000010000000000000120 /* AgentBuilderViewModel.swift */; };
		0A000001000000000000002A /* RuntimeProjectionModel.swift in Sources */ = {isa = PBXBuildFile; fileRef = 0A0000010000000000000121 /* RuntimeProjectionModel.swift */; };
		0C0000010000000000002000 /* AgentBuilderDraftModels.swift in Sources */ = {isa = PBXBuildFile; fileRef = 0C0000010000000000002100 /* AgentBuilderDraftModels.swift */; };
		0C0000010000000000002001 /* AgentBuilderDraftModelsTests.swift in Sources */ = {isa = PBXBuildFile; fileRef = 0C0000010000000000002101 /* AgentBuilderDraftModelsTests.swift */; };
		0C0000010000000000002002 /* AgentBuilderToolCatalog.swift in Sources */ = {isa = PBXBuildFile; fileRef = 0C0000010000000000002102 /* AgentBuilderToolCatalog.swift */; };
		0C0000010000000000002003 /* AgentBuilderToolCatalogTests.swift in Sources */ = {isa = PBXBuildFile; fileRef = 0C0000010000000000002103 /* AgentBuilderToolCatalogTests.swift */; };
		0C0000010000000000002004 /* AgentBuilderView.swift in Sources */ = {isa = PBXBuildFile; fileRef = 0C0000010000000000002104 /* AgentBuilderView.swift */; };
		0C0000010000000000002005 /* AgentBuilderCards.swift in Sources */ = {isa = PBXBuildFile; fileRef = 0C0000010000000000002105 /* AgentBuilderCards.swift */; };
		0C0000010000000000002006 /* AgentBuilderToolPickerView.swift in Sources */ = {isa = PBXBuildFile; fileRef = 0C0000010000000000002106 /* AgentBuilderToolPickerView.swift */; };
		0C0000010000000000002007 /* AgentBuilderContextPreviewView.swift in Sources */ = {isa = PBXBuildFile; fileRef = 0C0000010000000000002107 /* AgentBuilderContextPreviewView.swift */; };
		0C0000010000000000002008 /* AgentBuilderPublishReviewView.swift in Sources */ = {isa = PBXBuildFile; fileRef = 0C0000010000000000002108 /* AgentBuilderPublishReviewView.swift */; };
		0C0000010000000000002009 /* BuilderFirstHostViewModelTests.swift in Sources */ = {isa = PBXBuildFile; fileRef = 0C0000010000000000002109 /* BuilderFirstHostViewModelTests.swift */; };
		0C000001000000000000200A /* BuilderFirstHostView.swift in Sources */ = {isa = PBXBuildFile; fileRef = 0C000001000000000000210A /* BuilderFirstHostView.swift */; };
		0C000001000000000000200B /* NativeToolkitClient.swift in Sources */ = {isa = PBXBuildFile; fileRef = 0C000001000000000000210B /* NativeToolkitClient.swift */; };
		0C000001000000000000200C /* NativeHostToolDriver.swift in Sources */ = {isa = PBXBuildFile; fileRef = 0C000001000000000000210C /* NativeHostToolDriver.swift */; };
		0C000001000000000000200D /* NativeToolkitClientTests.swift in Sources */ = {isa = PBXBuildFile; fileRef = 0C000001000000000000210D /* NativeToolkitClientTests.swift */; };
		0C000001000000000000200E /* NativeHostToolDriverTests.swift in Sources */ = {isa = PBXBuildFile; fileRef = 0C000001000000000000210E /* NativeHostToolDriverTests.swift */; };
		0C000001000000000000200F /* NativeInteractionBroker.swift in Sources */ = {isa = PBXBuildFile; fileRef = 0C000001000000000000210F /* NativeInteractionBroker.swift */; };
		0C0000010000000000002010 /* NativeInteractionBrokerTests.swift in Sources */ = {isa = PBXBuildFile; fileRef = 0C0000010000000000002110 /* NativeInteractionBrokerTests.swift */; };
		0C0000010000000000002011 /* AgentEntity.swift in Sources */ = {isa = PBXBuildFile; fileRef = 0C0000010000000000002111 /* AgentEntity.swift */; };
		0C0000010000000000002012 /* ConversationEntity.swift in Sources */ = {isa = PBXBuildFile; fileRef = 0C0000010000000000002112 /* ConversationEntity.swift */; };
		0C0000010000000000002013 /* AppIntentRoutingTests.swift in Sources */ = {isa = PBXBuildFile; fileRef = 0C0000010000000000002113 /* AppIntentRoutingTests.swift */; };
		0C0000010000000000002014 /* AppRoute.swift in Sources */ = {isa = PBXBuildFile; fileRef = 0C0000010000000000002114 /* AppRoute.swift */; };
		0C0000010000000000002015 /* AppShellViewModel.swift in Sources */ = {isa = PBXBuildFile; fileRef = 0C0000010000000000002115 /* AppShellViewModel.swift */; };
		0C0000010000000000002016 /* AppShellViewModelTests.swift in Sources */ = {isa = PBXBuildFile; fileRef = 0C0000010000000000002116 /* AppShellViewModelTests.swift */; };
		0C0000010000000000002017 /* AppShellView.swift in Sources */ = {isa = PBXBuildFile; fileRef = 0C0000010000000000002117 /* AppShellView.swift */; };
		0C0000010000000000002018 /* ConversationWorkspaceView.swift in Sources */ = {isa = PBXBuildFile; fileRef = 0C0000010000000000002118 /* ConversationWorkspaceView.swift */; };
		0C0000010000000000002019 /* ConversationWorkspaceViewModel.swift in Sources */ = {isa = PBXBuildFile; fileRef = 0C0000010000000000002119 /* ConversationWorkspaceViewModel.swift */; };
		0C000001000000000000201A /* ConversationWorkspaceViewModelTests.swift in Sources */ = {isa = PBXBuildFile; fileRef = 0C000001000000000000211A /* ConversationWorkspaceViewModelTests.swift */; };
		0C000001000000000000201B /* RunInlineCards.swift in Sources */ = {isa = PBXBuildFile; fileRef = 0C000001000000000000211B /* RunInlineCards.swift */; };
		0C000001000000000000201C /* RunInlineCardsTests.swift in Sources */ = {isa = PBXBuildFile; fileRef = 0C000001000000000000211C /* RunInlineCardsTests.swift */; };
		0C000001000000000000201D /* ContextInspectorView.swift in Sources */ = {isa = PBXBuildFile; fileRef = 0C000001000000000000211D /* ContextInspectorView.swift */; };
		0C000001000000000000201E /* ContextInspectorViewModelTests.swift in Sources */ = {isa = PBXBuildFile; fileRef = 0C000001000000000000211E /* ContextInspectorViewModelTests.swift */; };
		0C000001000000000000201F /* ToolCenterViewModel.swift in Sources */ = {isa = PBXBuildFile; fileRef = 0C000001000000000000211F /* ToolCenterViewModel.swift */; };
		0C0000010000000000002020 /* ToolCenterViewModelTests.swift in Sources */ = {isa = PBXBuildFile; fileRef = 0C0000010000000000002120 /* ToolCenterViewModelTests.swift */; };
		0C0000010000000000002021 /* ToolCenterView.swift in Sources */ = {isa = PBXBuildFile; fileRef = 0C0000010000000000002121 /* ToolCenterView.swift */; };
		0B0000010000000000001001 /* ConversationDomain.swift in Sources */ = {isa = PBXBuildFile; fileRef = 0B0000010000000000001101 /* ConversationDomain.swift */; };
		0B0000010000000000001002 /* ConversationDomainAdapter.swift in Sources */ = {isa = PBXBuildFile; fileRef = 0B0000010000000000001102 /* ConversationDomainAdapter.swift */; };
		0B0000010000000000001003 /* ExecutionDomain.swift in Sources */ = {isa = PBXBuildFile; fileRef = 0B0000010000000000001103 /* ExecutionDomain.swift */; };
		0B0000010000000000001004 /* ExecutionDomainAdapter.swift in Sources */ = {isa = PBXBuildFile; fileRef = 0B0000010000000000001104 /* ExecutionDomainAdapter.swift */; };
		0B0000010000000000001005 /* AgentProfileService.swift in Sources */ = {isa = PBXBuildFile; fileRef = 0B0000010000000000001105 /* AgentProfileService.swift */; };
		0B0000010000000000001006 /* AgentCompositionService.swift in Sources */ = {isa = PBXBuildFile; fileRef = 0B0000010000000000001106 /* AgentCompositionService.swift */; };
		0B0000010000000000001007 /* RunLifecycleService.swift in Sources */ = {isa = PBXBuildFile; fileRef = 0B0000010000000000001107 /* RunLifecycleService.swift */; };
		0B0000010000000000001008 /* RunEventStreamService.swift in Sources */ = {isa = PBXBuildFile; fileRef = 0B0000010000000000001108 /* RunEventStreamService.swift */; };
		0B0000010000000000001009 /* ToolApprovalService.swift in Sources */ = {isa = PBXBuildFile; fileRef = 0B0000010000000000001109 /* ToolApprovalService.swift */; };
		0B000001000000000000100A /* RunDebugService.swift in Sources */ = {isa = PBXBuildFile; fileRef = 0B000001000000000000110A /* RunDebugService.swift */; };
		0B000001000000000000100B /* InferenceSettingsService.swift in Sources */ = {isa = PBXBuildFile; fileRef = 0B000001000000000000110B /* InferenceSettingsService.swift */; };
		0B0000010000000000001020 /* ConversationDomainTests.swift in Sources */ = {isa = PBXBuildFile; fileRef = 0B0000010000000000001120 /* ConversationDomainTests.swift */; };
		0B0000010000000000001021 /* ExecutionDomainTests.swift in Sources */ = {isa = PBXBuildFile; fileRef = 0B0000010000000000001121 /* ExecutionDomainTests.swift */; };
		0B0000010000000000001022 /* ExecutionDomainArchitectureTests.swift in Sources */ = {isa = PBXBuildFile; fileRef = 0B0000010000000000001122 /* ExecutionDomainArchitectureTests.swift */; };
		0B0000010000000000001030 /* ConversationViewModel.swift in Sources */ = {isa = PBXBuildFile; fileRef = 0B0000010000000000001130 /* ConversationViewModel.swift */; };
		0B0000010000000000001031 /* ConversationViewModelTests.swift in Sources */ = {isa = PBXBuildFile; fileRef = 0B0000010000000000001131 /* ConversationViewModelTests.swift */; };
		0B0000010000000000001040 /* AgentRunViewModel.swift in Sources */ = {isa = PBXBuildFile; fileRef = 0B0000010000000000001140 /* AgentRunViewModel.swift */; };
		0B0000010000000000001041 /* AgentRunViewModelTests.swift in Sources */ = {isa = PBXBuildFile; fileRef = 0B0000010000000000001141 /* AgentRunViewModelTests.swift */; };
		0B0000010000000000001050 /* ChatInteractionCoordinator.swift in Sources */ = {isa = PBXBuildFile; fileRef = 0B0000010000000000001150 /* ChatInteractionCoordinator.swift */; };
		0B0000010000000000001051 /* ChatInteractionCoordinatorTests.swift in Sources */ = {isa = PBXBuildFile; fileRef = 0B0000010000000000001151 /* ChatInteractionCoordinatorTests.swift */; };
/* End PBXBuildFile section */

/* Begin PBXContainerItemProxy section */
		0A0000010000000000000025 /* PBXContainerItemProxy */ = {
			isa = PBXContainerItemProxy;
			containerPortal = 0A0000010000000000000020 /* Project object */;
			proxyType = 1;
			remoteGlobalIDString = 0A0000010000000000000021;
			remoteInfo = LocalAgentApp;
		};
/* End PBXContainerItemProxy section */

/* Begin PBXFileReference section */
		0A0000010000000000000022 /* LocalAgentApp.app */ = {isa = PBXFileReference; explicitFileType = wrapper.application; includeInIndex = 0; path = LocalAgentApp.app; sourceTree = BUILT_PRODUCTS_DIR; };
		0A0000010000000000000023 /* LocalAgentAppTests.xctest */ = {isa = PBXFileReference; explicitFileType = wrapper.cfbundle; includeInIndex = 0; path = LocalAgentAppTests.xctest; sourceTree = BUILT_PRODUCTS_DIR; };
		0A0000010000000000000101 /* LocalAgentApp.swift */ = {isa = PBXFileReference; lastKnownFileType = sourcecode.swift; path = LocalAgentApp.swift; sourceTree = "<group>"; };
		0A0000010000000000000102 /* AppBootstrapper.swift */ = {isa = PBXFileReference; lastKnownFileType = sourcecode.swift; path = AppBootstrapper.swift; sourceTree = "<group>"; };
		0A0000010000000000000103 /* AppContainer.swift */ = {isa = PBXFileReference; lastKnownFileType = sourcecode.swift; path = AppContainer.swift; sourceTree = "<group>"; };
		0A0000010000000000000104 /* AgentViewModel.swift */ = {isa = PBXFileReference; lastKnownFileType = sourcecode.swift; path = AgentViewModel.swift; sourceTree = "<group>"; };
		0A0000010000000000000105 /* AgentRuntimeService.swift */ = {isa = PBXFileReference; lastKnownFileType = sourcecode.swift; path = AgentRuntimeService.swift; sourceTree = "<group>"; };
		0A0000010000000000000106 /* RuntimeEventReducer.swift */ = {isa = PBXFileReference; lastKnownFileType = sourcecode.swift; path = RuntimeEventReducer.swift; sourceTree = "<group>"; };
		0A0000010000000000000107 /* MinimalHostToolDriver.swift */ = {isa = PBXFileReference; lastKnownFileType = sourcecode.swift; path = MinimalHostToolDriver.swift; sourceTree = "<group>"; };
		0A0000010000000000000108 /* AgentViewState.swift */ = {isa = PBXFileReference; lastKnownFileType = sourcecode.swift; path = AgentViewState.swift; sourceTree = "<group>"; };
		0A0000010000000000000109 /* ChatView.swift */ = {isa = PBXFileReference; lastKnownFileType = sourcecode.swift; path = ChatView.swift; sourceTree = "<group>"; };
		0A000001000000000000010A /* Assets.xcassets */ = {isa = PBXFileReference; lastKnownFileType = folder.assetcatalog; path = Assets.xcassets; sourceTree = "<group>"; };
		0A000001000000000000010B /* Info.plist */ = {isa = PBXFileReference; lastKnownFileType = text.plist.xml; path = Info.plist; sourceTree = "<group>"; };
		0A000001000000000000010C /* MessageContent.swift */ = {isa = PBXFileReference; lastKnownFileType = sourcecode.swift; path = MessageContent.swift; sourceTree = "<group>"; };
		0A000001000000000000010D /* ReasoningTagParser.swift */ = {isa = PBXFileReference; lastKnownFileType = sourcecode.swift; path = ReasoningTagParser.swift; sourceTree = "<group>"; };
		0A000001000000000000010E /* RuntimeStreamBuffer.swift */ = {isa = PBXFileReference; lastKnownFileType = sourcecode.swift; path = RuntimeStreamBuffer.swift; sourceTree = "<group>"; };
		0A000001000000000000010F /* ConversationService.swift */ = {isa = PBXFileReference; lastKnownFileType = sourcecode.swift; path = ConversationService.swift; sourceTree = "<group>"; };
		0A0000010000000000000111 /* RuntimeEventReducerTests.swift */ = {isa = PBXFileReference; lastKnownFileType = sourcecode.swift; path = RuntimeEventReducerTests.swift; sourceTree = "<group>"; };
		0A0000010000000000000112 /* MinimalHostToolDriverTests.swift */ = {isa = PBXFileReference; lastKnownFileType = sourcecode.swift; path = MinimalHostToolDriverTests.swift; sourceTree = "<group>"; };
		0A0000010000000000000113 /* AgentRuntimeServiceTests.swift */ = {isa = PBXFileReference; lastKnownFileType = sourcecode.swift; path = AgentRuntimeServiceTests.swift; sourceTree = "<group>"; };
		0A0000010000000000000114 /* AgentViewModelTests.swift */ = {isa = PBXFileReference; lastKnownFileType = sourcecode.swift; path = AgentViewModelTests.swift; sourceTree = "<group>"; };
		0A0000010000000000000115 /* RustRuntimeAppIntegrationTests.swift */ = {isa = PBXFileReference; lastKnownFileType = sourcecode.swift; path = RustRuntimeAppIntegrationTests.swift; sourceTree = "<group>"; };
		0A0000010000000000000116 /* ReasoningTagParserTests.swift */ = {isa = PBXFileReference; lastKnownFileType = sourcecode.swift; path = ReasoningTagParserTests.swift; sourceTree = "<group>"; };
		0A0000010000000000000117 /* RuntimeStreamBufferTests.swift */ = {isa = PBXFileReference; lastKnownFileType = sourcecode.swift; path = RuntimeStreamBufferTests.swift; sourceTree = "<group>"; };
		0A0000010000000000000118 /* MessageContentView.swift */ = {isa = PBXFileReference; lastKnownFileType = sourcecode.swift; path = MessageContentView.swift; sourceTree = "<group>"; };
		0A0000010000000000000119 /* ConversationListView.swift */ = {isa = PBXFileReference; lastKnownFileType = sourcecode.swift; path = ConversationListView.swift; sourceTree = "<group>"; };
		0A000001000000000000011A /* AttachmentService.swift */ = {isa = PBXFileReference; lastKnownFileType = sourcecode.swift; path = AttachmentService.swift; sourceTree = "<group>"; };
		0A000001000000000000011B /* AppIntentRouter.swift */ = {isa = PBXFileReference; lastKnownFileType = sourcecode.swift; path = AppIntentRouter.swift; sourceTree = "<group>"; };
		0A000001000000000000011C /* LocalAgentShortcuts.swift */ = {isa = PBXFileReference; lastKnownFileType = sourcecode.swift; path = LocalAgentShortcuts.swift; sourceTree = "<group>"; };
		0A000001000000000000011D /* ChatManagementSheets.swift */ = {isa = PBXFileReference; lastKnownFileType = sourcecode.swift; path = ChatManagementSheets.swift; sourceTree = "<group>"; };
		0A0000010000000000000120 /* AgentBuilderViewModel.swift */ = {isa = PBXFileReference; lastKnownFileType = sourcecode.swift; path = AgentBuilderViewModel.swift; sourceTree = "<group>"; };
		0A0000010000000000000121 /* RuntimeProjectionModel.swift */ = {isa = PBXFileReference; lastKnownFileType = sourcecode.swift; path = RuntimeProjectionModel.swift; sourceTree = "<group>"; };
		0A0000010000000000000122 /* AgentBuilderViewModelTests.swift */ = {isa = PBXFileReference; lastKnownFileType = sourcecode.swift; path = AgentBuilderViewModelTests.swift; sourceTree = "<group>"; };
		0A0000010000000000000123 /* RuntimeProjectionModelTests.swift */ = {isa = PBXFileReference; lastKnownFileType = sourcecode.swift; path = RuntimeProjectionModelTests.swift; sourceTree = "<group>"; };
		0C0000010000000000002100 /* AgentBuilderDraftModels.swift */ = {isa = PBXFileReference; lastKnownFileType = sourcecode.swift; path = AgentBuilderDraftModels.swift; sourceTree = "<group>"; };
		0C0000010000000000002101 /* AgentBuilderDraftModelsTests.swift */ = {isa = PBXFileReference; lastKnownFileType = sourcecode.swift; path = AgentBuilderDraftModelsTests.swift; sourceTree = "<group>"; };
		0C0000010000000000002102 /* AgentBuilderToolCatalog.swift */ = {isa = PBXFileReference; lastKnownFileType = sourcecode.swift; path = AgentBuilderToolCatalog.swift; sourceTree = "<group>"; };
		0C0000010000000000002103 /* AgentBuilderToolCatalogTests.swift */ = {isa = PBXFileReference; lastKnownFileType = sourcecode.swift; path = AgentBuilderToolCatalogTests.swift; sourceTree = "<group>"; };
		0C0000010000000000002104 /* AgentBuilderView.swift */ = {isa = PBXFileReference; lastKnownFileType = sourcecode.swift; path = AgentBuilderView.swift; sourceTree = "<group>"; };
		0C0000010000000000002105 /* AgentBuilderCards.swift */ = {isa = PBXFileReference; lastKnownFileType = sourcecode.swift; path = AgentBuilderCards.swift; sourceTree = "<group>"; };
		0C0000010000000000002106 /* AgentBuilderToolPickerView.swift */ = {isa = PBXFileReference; lastKnownFileType = sourcecode.swift; path = AgentBuilderToolPickerView.swift; sourceTree = "<group>"; };
		0C0000010000000000002107 /* AgentBuilderContextPreviewView.swift */ = {isa = PBXFileReference; lastKnownFileType = sourcecode.swift; path = AgentBuilderContextPreviewView.swift; sourceTree = "<group>"; };
		0C0000010000000000002108 /* AgentBuilderPublishReviewView.swift */ = {isa = PBXFileReference; lastKnownFileType = sourcecode.swift; path = AgentBuilderPublishReviewView.swift; sourceTree = "<group>"; };
		0C0000010000000000002109 /* BuilderFirstHostViewModelTests.swift */ = {isa = PBXFileReference; lastKnownFileType = sourcecode.swift; path = BuilderFirstHostViewModelTests.swift; sourceTree = "<group>"; };
		0C000001000000000000210A /* BuilderFirstHostView.swift */ = {isa = PBXFileReference; lastKnownFileType = sourcecode.swift; path = BuilderFirstHostView.swift; sourceTree = "<group>"; };
		0C000001000000000000210B /* NativeToolkitClient.swift */ = {isa = PBXFileReference; lastKnownFileType = sourcecode.swift; path = NativeToolkitClient.swift; sourceTree = "<group>"; };
		0C000001000000000000210C /* NativeHostToolDriver.swift */ = {isa = PBXFileReference; lastKnownFileType = sourcecode.swift; path = NativeHostToolDriver.swift; sourceTree = "<group>"; };
		0C000001000000000000210D /* NativeToolkitClientTests.swift */ = {isa = PBXFileReference; lastKnownFileType = sourcecode.swift; path = NativeToolkitClientTests.swift; sourceTree = "<group>"; };
		0C000001000000000000210E /* NativeHostToolDriverTests.swift */ = {isa = PBXFileReference; lastKnownFileType = sourcecode.swift; path = NativeHostToolDriverTests.swift; sourceTree = "<group>"; };
		0C000001000000000000210F /* NativeInteractionBroker.swift */ = {isa = PBXFileReference; lastKnownFileType = sourcecode.swift; path = NativeInteractionBroker.swift; sourceTree = "<group>"; };
		0C0000010000000000002110 /* NativeInteractionBrokerTests.swift */ = {isa = PBXFileReference; lastKnownFileType = sourcecode.swift; path = NativeInteractionBrokerTests.swift; sourceTree = "<group>"; };
		0C0000010000000000002111 /* AgentEntity.swift */ = {isa = PBXFileReference; lastKnownFileType = sourcecode.swift; path = AgentEntity.swift; sourceTree = "<group>"; };
		0C0000010000000000002112 /* ConversationEntity.swift */ = {isa = PBXFileReference; lastKnownFileType = sourcecode.swift; path = ConversationEntity.swift; sourceTree = "<group>"; };
		0C0000010000000000002113 /* AppIntentRoutingTests.swift */ = {isa = PBXFileReference; lastKnownFileType = sourcecode.swift; path = AppIntentRoutingTests.swift; sourceTree = "<group>"; };
		0C0000010000000000002114 /* AppRoute.swift */ = {isa = PBXFileReference; lastKnownFileType = sourcecode.swift; path = AppRoute.swift; sourceTree = "<group>"; };
		0C0000010000000000002115 /* AppShellViewModel.swift */ = {isa = PBXFileReference; lastKnownFileType = sourcecode.swift; path = AppShellViewModel.swift; sourceTree = "<group>"; };
		0C0000010000000000002116 /* AppShellViewModelTests.swift */ = {isa = PBXFileReference; lastKnownFileType = sourcecode.swift; path = AppShellViewModelTests.swift; sourceTree = "<group>"; };
		0C0000010000000000002117 /* AppShellView.swift */ = {isa = PBXFileReference; lastKnownFileType = sourcecode.swift; path = AppShellView.swift; sourceTree = "<group>"; };
		0C0000010000000000002118 /* ConversationWorkspaceView.swift */ = {isa = PBXFileReference; lastKnownFileType = sourcecode.swift; path = ConversationWorkspaceView.swift; sourceTree = "<group>"; };
		0C0000010000000000002119 /* ConversationWorkspaceViewModel.swift */ = {isa = PBXFileReference; lastKnownFileType = sourcecode.swift; path = ConversationWorkspaceViewModel.swift; sourceTree = "<group>"; };
		0C000001000000000000211A /* ConversationWorkspaceViewModelTests.swift */ = {isa = PBXFileReference; lastKnownFileType = sourcecode.swift; path = ConversationWorkspaceViewModelTests.swift; sourceTree = "<group>"; };
		0C000001000000000000211B /* RunInlineCards.swift */ = {isa = PBXFileReference; lastKnownFileType = sourcecode.swift; path = RunInlineCards.swift; sourceTree = "<group>"; };
		0C000001000000000000211C /* RunInlineCardsTests.swift */ = {isa = PBXFileReference; lastKnownFileType = sourcecode.swift; path = RunInlineCardsTests.swift; sourceTree = "<group>"; };
		0C000001000000000000211D /* ContextInspectorView.swift */ = {isa = PBXFileReference; lastKnownFileType = sourcecode.swift; path = ContextInspectorView.swift; sourceTree = "<group>"; };
		0C000001000000000000211E /* ContextInspectorViewModelTests.swift */ = {isa = PBXFileReference; lastKnownFileType = sourcecode.swift; path = ContextInspectorViewModelTests.swift; sourceTree = "<group>"; };
		0C000001000000000000211F /* ToolCenterViewModel.swift */ = {isa = PBXFileReference; lastKnownFileType = sourcecode.swift; path = ToolCenterViewModel.swift; sourceTree = "<group>"; };
		0C0000010000000000002120 /* ToolCenterViewModelTests.swift */ = {isa = PBXFileReference; lastKnownFileType = sourcecode.swift; path = ToolCenterViewModelTests.swift; sourceTree = "<group>"; };
		0C0000010000000000002121 /* ToolCenterView.swift */ = {isa = PBXFileReference; lastKnownFileType = sourcecode.swift; path = ToolCenterView.swift; sourceTree = "<group>"; };
		0B0000010000000000001101 /* ConversationDomain.swift */ = {isa = PBXFileReference; lastKnownFileType = sourcecode.swift; path = ConversationDomain.swift; sourceTree = "<group>"; };
		0B0000010000000000001102 /* ConversationDomainAdapter.swift */ = {isa = PBXFileReference; lastKnownFileType = sourcecode.swift; path = ConversationDomainAdapter.swift; sourceTree = "<group>"; };
		0B0000010000000000001103 /* ExecutionDomain.swift */ = {isa = PBXFileReference; lastKnownFileType = sourcecode.swift; path = ExecutionDomain.swift; sourceTree = "<group>"; };
		0B0000010000000000001104 /* ExecutionDomainAdapter.swift */ = {isa = PBXFileReference; lastKnownFileType = sourcecode.swift; path = ExecutionDomainAdapter.swift; sourceTree = "<group>"; };
		0B0000010000000000001105 /* AgentProfileService.swift */ = {isa = PBXFileReference; lastKnownFileType = sourcecode.swift; path = AgentProfileService.swift; sourceTree = "<group>"; };
		0B0000010000000000001106 /* AgentCompositionService.swift */ = {isa = PBXFileReference; lastKnownFileType = sourcecode.swift; path = AgentCompositionService.swift; sourceTree = "<group>"; };
		0B0000010000000000001107 /* RunLifecycleService.swift */ = {isa = PBXFileReference; lastKnownFileType = sourcecode.swift; path = RunLifecycleService.swift; sourceTree = "<group>"; };
		0B0000010000000000001108 /* RunEventStreamService.swift */ = {isa = PBXFileReference; lastKnownFileType = sourcecode.swift; path = RunEventStreamService.swift; sourceTree = "<group>"; };
		0B0000010000000000001109 /* ToolApprovalService.swift */ = {isa = PBXFileReference; lastKnownFileType = sourcecode.swift; path = ToolApprovalService.swift; sourceTree = "<group>"; };
		0B000001000000000000110A /* RunDebugService.swift */ = {isa = PBXFileReference; lastKnownFileType = sourcecode.swift; path = RunDebugService.swift; sourceTree = "<group>"; };
		0B000001000000000000110B /* InferenceSettingsService.swift */ = {isa = PBXFileReference; lastKnownFileType = sourcecode.swift; path = InferenceSettingsService.swift; sourceTree = "<group>"; };
		0B0000010000000000001120 /* ConversationDomainTests.swift */ = {isa = PBXFileReference; lastKnownFileType = sourcecode.swift; path = ConversationDomainTests.swift; sourceTree = "<group>"; };
		0B0000010000000000001121 /* ExecutionDomainTests.swift */ = {isa = PBXFileReference; lastKnownFileType = sourcecode.swift; path = ExecutionDomainTests.swift; sourceTree = "<group>"; };
		0B0000010000000000001122 /* ExecutionDomainArchitectureTests.swift */ = {isa = PBXFileReference; lastKnownFileType = sourcecode.swift; path = ExecutionDomainArchitectureTests.swift; sourceTree = "<group>"; };
		0B0000010000000000001130 /* ConversationViewModel.swift */ = {isa = PBXFileReference; lastKnownFileType = sourcecode.swift; path = ConversationViewModel.swift; sourceTree = "<group>"; };
		0B0000010000000000001131 /* ConversationViewModelTests.swift */ = {isa = PBXFileReference; lastKnownFileType = sourcecode.swift; path = ConversationViewModelTests.swift; sourceTree = "<group>"; };
		0B0000010000000000001140 /* AgentRunViewModel.swift */ = {isa = PBXFileReference; lastKnownFileType = sourcecode.swift; path = AgentRunViewModel.swift; sourceTree = "<group>"; };
		0B0000010000000000001141 /* AgentRunViewModelTests.swift */ = {isa = PBXFileReference; lastKnownFileType = sourcecode.swift; path = AgentRunViewModelTests.swift; sourceTree = "<group>"; };
		0B0000010000000000001150 /* ChatInteractionCoordinator.swift */ = {isa = PBXFileReference; lastKnownFileType = sourcecode.swift; path = ChatInteractionCoordinator.swift; sourceTree = "<group>"; };
		0B0000010000000000001151 /* ChatInteractionCoordinatorTests.swift */ = {isa = PBXFileReference; lastKnownFileType = sourcecode.swift; path = ChatInteractionCoordinatorTests.swift; sourceTree = "<group>"; };
/* End PBXFileReference section */

/* Begin PBXFrameworksBuildPhase section */
		0A0000010000000000000041 /* Frameworks */ = {
			isa = PBXFrameworksBuildPhase;
			buildActionMask = 2147483647;
			files = (
				0A000001000000000000000B /* LocalAgentBridge in Frameworks */,
				0A000001000000000000000C /* LocalNativeToolkit in Frameworks */,
			);
			runOnlyForDeploymentPostprocessing = 0;
		};
		0A0000010000000000000042 /* Frameworks */ = {
			isa = PBXFrameworksBuildPhase;
			buildActionMask = 2147483647;
			files = (
				0A0000010000000000000012 /* LocalAgentBridge in Frameworks */,
			);
			runOnlyForDeploymentPostprocessing = 0;
		};
/* End PBXFrameworksBuildPhase section */

/* Begin PBXGroup section */
		0A0000010000000000000050 = {
			isa = PBXGroup;
			children = (
				0A0000010000000000000051 /* LocalAgentApp */,
				0A0000010000000000000052 /* LocalAgentAppTests */,
				0A0000010000000000000053 /* Products */,
			);
			sourceTree = "<group>";
		};
		0A0000010000000000000051 /* LocalAgentApp */ = {
			isa = PBXGroup;
			children = (
				0A0000010000000000000501 /* App */,
				0A0000010000000000000502 /* Composition */,
				0A0000010000000000000503 /* Runtime */,
				0A0000010000000000000504 /* Tools */,
				0A0000010000000000000505 /* State */,
				0A0000010000000000000506 /* Presentation */,
				0A0000010000000000000509 /* AppIntents */,
				0A0000010000000000000508 /* Resources */,
			);
			path = LocalAgentApp;
			sourceTree = "<group>";
		};
		0A0000010000000000000052 /* LocalAgentAppTests */ = {
			isa = PBXGroup;
			children = (
				0C0000010000000000002509 /* App */,
				0C0000010000000000002510 /* AppIntents */,
				0A0000010000000000000511 /* Runtime */,
				0A0000010000000000000512 /* Tools */,
				0A0000010000000000000513 /* State */,
				0A0000010000000000000514 /* Presentation */,
				0A0000010000000000000516 /* Integration */,
			);
			path = LocalAgentAppTests;
			sourceTree = "<group>";
		};
		0C0000010000000000002509 /* App */ = {
			isa = PBXGroup;
			children = (
				0C0000010000000000002109 /* BuilderFirstHostViewModelTests.swift */,
				0C0000010000000000002116 /* AppShellViewModelTests.swift */,
			);
			path = App;
			sourceTree = "<group>";
		};
		0A0000010000000000000501 /* App */ = {
			isa = PBXGroup;
			children = (
				0C0000010000000000002114 /* AppRoute.swift */,
				0C0000010000000000002117 /* AppShellView.swift */,
				0C0000010000000000002115 /* AppShellViewModel.swift */,
				0C000001000000000000210A /* BuilderFirstHostView.swift */,
				0A0000010000000000000101 /* LocalAgentApp.swift */,
			);
			path = App;
			sourceTree = "<group>";
		};
		0A0000010000000000000502 /* Composition */ = {
			isa = PBXGroup;
			children = (
				0A0000010000000000000102 /* AppBootstrapper.swift */,
				0A0000010000000000000103 /* AppContainer.swift */,
			);
			path = Composition;
			sourceTree = "<group>";
		};
		0A0000010000000000000503 /* Runtime */ = {
			isa = PBXGroup;
			children = (
				0B0000010000000000001501 /* Conversation */,
				0B0000010000000000001502 /* Execution */,
				0A0000010000000000000105 /* AgentRuntimeService.swift */,
				0A000001000000000000011A /* AttachmentService.swift */,
				0B0000010000000000001150 /* ChatInteractionCoordinator.swift */,
				0A000001000000000000010F /* ConversationService.swift */,
				0A000001000000000000010E /* RuntimeStreamBuffer.swift */,
			);
			path = Runtime;
			sourceTree = "<group>";
		};
		0A0000010000000000000504 /* Tools */ = {
			isa = PBXGroup;
			children = (
				0A0000010000000000000107 /* MinimalHostToolDriver.swift */,
				0C000001000000000000210C /* NativeHostToolDriver.swift */,
				0C000001000000000000210F /* NativeInteractionBroker.swift */,
				0C000001000000000000210B /* NativeToolkitClient.swift */,
			);
			path = Tools;
			sourceTree = "<group>";
		};
		0A0000010000000000000505 /* State */ = {
			isa = PBXGroup;
			children = (
				0A0000010000000000000108 /* AgentViewState.swift */,
				0A000001000000000000010C /* MessageContent.swift */,
				0A000001000000000000010D /* ReasoningTagParser.swift */,
				0A0000010000000000000106 /* RuntimeEventReducer.swift */,
			);
			path = State;
			sourceTree = "<group>";
		};
		0A0000010000000000000506 /* Presentation */ = {
			isa = PBXGroup;
			children = (
				0A000001000000000000050A /* AgentBuilder */,
				0A0000010000000000000507 /* Chat */,
				0A000001000000000000050B /* Runtime */,
				0C0000010000000000002519 /* Tools */,
			);
			path = Presentation;
			sourceTree = "<group>";
		};
		0A000001000000000000050A /* AgentBuilder */ = {
			isa = PBXGroup;
			children = (
				0C0000010000000000002100 /* AgentBuilderDraftModels.swift */,
				0C0000010000000000002102 /* AgentBuilderToolCatalog.swift */,
				0C0000010000000000002105 /* AgentBuilderCards.swift */,
				0C0000010000000000002107 /* AgentBuilderContextPreviewView.swift */,
				0C0000010000000000002108 /* AgentBuilderPublishReviewView.swift */,
				0C0000010000000000002106 /* AgentBuilderToolPickerView.swift */,
				0C0000010000000000002104 /* AgentBuilderView.swift */,
				0A0000010000000000000120 /* AgentBuilderViewModel.swift */,
			);
			path = AgentBuilder;
			sourceTree = "<group>";
		};
		0A000001000000000000050B /* Runtime */ = {
			isa = PBXGroup;
			children = (
				0B0000010000000000001140 /* AgentRunViewModel.swift */,
				0A0000010000000000000121 /* RuntimeProjectionModel.swift */,
			);
			path = Runtime;
			sourceTree = "<group>";
		};
		0A0000010000000000000507 /* Chat */ = {
			isa = PBXGroup;
			children = (
				0A0000010000000000000104 /* AgentViewModel.swift */,
				0A000001000000000000011D /* ChatManagementSheets.swift */,
				0A0000010000000000000109 /* ChatView.swift */,
				0A0000010000000000000119 /* ConversationListView.swift */,
				0C0000010000000000002118 /* ConversationWorkspaceView.swift */,
				0C0000010000000000002119 /* ConversationWorkspaceViewModel.swift */,
				0B0000010000000000001130 /* ConversationViewModel.swift */,
				0C000001000000000000211D /* ContextInspectorView.swift */,
				0A0000010000000000000118 /* MessageContentView.swift */,
				0C000001000000000000211B /* RunInlineCards.swift */,
			);
			path = Chat;
			sourceTree = "<group>";
		};
		0C0000010000000000002519 /* Tools */ = {
			isa = PBXGroup;
			children = (
				0C0000010000000000002121 /* ToolCenterView.swift */,
				0C000001000000000000211F /* ToolCenterViewModel.swift */,
			);
			path = Tools;
			sourceTree = "<group>";
		};
		0A0000010000000000000508 /* Resources */ = {
			isa = PBXGroup;
			children = (
				0A000001000000000000010B /* Info.plist */,
				0A000001000000000000010A /* Assets.xcassets */,
			);
			path = Resources;
			sourceTree = "<group>";
		};
		0A0000010000000000000509 /* AppIntents */ = {
			isa = PBXGroup;
			children = (
				0A000001000000000000011B /* AppIntentRouter.swift */,
				0C0000010000000000002111 /* AgentEntity.swift */,
				0C0000010000000000002112 /* ConversationEntity.swift */,
				0A000001000000000000011C /* LocalAgentShortcuts.swift */,
			);
			path = AppIntents;
			sourceTree = "<group>";
		};
		0C0000010000000000002510 /* AppIntents */ = {
			isa = PBXGroup;
			children = (
				0C0000010000000000002113 /* AppIntentRoutingTests.swift */,
			);
			path = AppIntents;
			sourceTree = "<group>";
		};
		0A0000010000000000000511 /* Runtime */ = {
			isa = PBXGroup;
			children = (
				0A0000010000000000000113 /* AgentRuntimeServiceTests.swift */,
				0B0000010000000000001151 /* ChatInteractionCoordinatorTests.swift */,
				0B0000010000000000001120 /* ConversationDomainTests.swift */,
				0B0000010000000000001121 /* ExecutionDomainTests.swift */,
				0B0000010000000000001122 /* ExecutionDomainArchitectureTests.swift */,
				0A0000010000000000000117 /* RuntimeStreamBufferTests.swift */,
			);
			path = Runtime;
			sourceTree = "<group>";
		};
		0B0000010000000000001501 /* Conversation */ = {
			isa = PBXGroup;
			children = (
				0B0000010000000000001101 /* ConversationDomain.swift */,
				0B0000010000000000001102 /* ConversationDomainAdapter.swift */,
			);
			path = Conversation;
			sourceTree = "<group>";
		};
		0B0000010000000000001502 /* Execution */ = {
			isa = PBXGroup;
			children = (
				0B0000010000000000001103 /* ExecutionDomain.swift */,
				0B0000010000000000001104 /* ExecutionDomainAdapter.swift */,
				0B0000010000000000001105 /* AgentProfileService.swift */,
				0B0000010000000000001106 /* AgentCompositionService.swift */,
				0B0000010000000000001107 /* RunLifecycleService.swift */,
				0B0000010000000000001108 /* RunEventStreamService.swift */,
				0B0000010000000000001109 /* ToolApprovalService.swift */,
				0B000001000000000000110A /* RunDebugService.swift */,
				0B000001000000000000110B /* InferenceSettingsService.swift */,
			);
			path = Execution;
			sourceTree = "<group>";
		};
		0A0000010000000000000512 /* Tools */ = {
			isa = PBXGroup;
			children = (
				0A0000010000000000000112 /* MinimalHostToolDriverTests.swift */,
				0C000001000000000000210E /* NativeHostToolDriverTests.swift */,
				0C0000010000000000002110 /* NativeInteractionBrokerTests.swift */,
				0C000001000000000000210D /* NativeToolkitClientTests.swift */,
			);
			path = Tools;
			sourceTree = "<group>";
		};
		0A0000010000000000000513 /* State */ = {
			isa = PBXGroup;
			children = (
				0A0000010000000000000111 /* RuntimeEventReducerTests.swift */,
				0A0000010000000000000116 /* ReasoningTagParserTests.swift */,
			);
			path = State;
			sourceTree = "<group>";
		};
		0A0000010000000000000514 /* Presentation */ = {
			isa = PBXGroup;
			children = (
				0A0000010000000000000517 /* AgentBuilder */,
				0A0000010000000000000515 /* Chat */,
				0A0000010000000000000518 /* Runtime */,
				0C0000010000000000002520 /* Tools */,
			);
			path = Presentation;
			sourceTree = "<group>";
		};
		0A0000010000000000000517 /* AgentBuilder */ = {
			isa = PBXGroup;
			children = (
				0C0000010000000000002101 /* AgentBuilderDraftModelsTests.swift */,
				0C0000010000000000002103 /* AgentBuilderToolCatalogTests.swift */,
				0A0000010000000000000122 /* AgentBuilderViewModelTests.swift */,
			);
			path = AgentBuilder;
			sourceTree = "<group>";
		};
		0A0000010000000000000518 /* Runtime */ = {
			isa = PBXGroup;
			children = (
				0B0000010000000000001141 /* AgentRunViewModelTests.swift */,
				0A0000010000000000000123 /* RuntimeProjectionModelTests.swift */,
			);
			path = Runtime;
			sourceTree = "<group>";
		};
		0C0000010000000000002520 /* Tools */ = {
			isa = PBXGroup;
			children = (
				0C0000010000000000002120 /* ToolCenterViewModelTests.swift */,
			);
			path = Tools;
			sourceTree = "<group>";
		};
		0A0000010000000000000515 /* Chat */ = {
			isa = PBXGroup;
			children = (
				0A0000010000000000000114 /* AgentViewModelTests.swift */,
				0C000001000000000000211E /* ContextInspectorViewModelTests.swift */,
				0C000001000000000000211A /* ConversationWorkspaceViewModelTests.swift */,
				0B0000010000000000001131 /* ConversationViewModelTests.swift */,
				0C000001000000000000211C /* RunInlineCardsTests.swift */,
			);
			path = Chat;
			sourceTree = "<group>";
		};
		0A0000010000000000000516 /* Integration */ = {
			isa = PBXGroup;
			children = (
				0A0000010000000000000115 /* RustRuntimeAppIntegrationTests.swift */,
			);
			path = Integration;
			sourceTree = "<group>";
		};
		0A0000010000000000000053 /* Products */ = {
			isa = PBXGroup;
			children = (
				0A0000010000000000000022 /* LocalAgentApp.app */,
				0A0000010000000000000023 /* LocalAgentAppTests.xctest */,
			);
			name = Products;
			sourceTree = "<group>";
		};
/* End PBXGroup section */

/* Begin PBXNativeTarget section */
		0A0000010000000000000021 /* LocalAgentApp */ = {
			isa = PBXNativeTarget;
			buildConfigurationList = 0A0000010000000000000091 /* Build configuration list for PBXNativeTarget "LocalAgentApp" */;
			buildPhases = (
				0A0000010000000000000061 /* Sources */,
				0A0000010000000000000041 /* Frameworks */,
				0A0000010000000000000062 /* Resources */,
			);
			buildRules = (
			);
			dependencies = (
			);
			name = LocalAgentApp;
			packageProductDependencies = (
				0A0000010000000000000301 /* LocalAgentBridge */,
				0A0000010000000000000302 /* LocalNativeToolkit */,
			);
			productName = LocalAgentApp;
			productReference = 0A0000010000000000000022 /* LocalAgentApp.app */;
			productType = "com.apple.product-type.application";
		};
		0A0000010000000000000024 /* LocalAgentAppTests */ = {
			isa = PBXNativeTarget;
			buildConfigurationList = 0A0000010000000000000092 /* Build configuration list for PBXNativeTarget "LocalAgentAppTests" */;
			buildPhases = (
				0A0000010000000000000063 /* Sources */,
				0A0000010000000000000042 /* Frameworks */,
				0A0000010000000000000064 /* Resources */,
			);
			buildRules = (
			);
			dependencies = (
				0A0000010000000000000026 /* PBXTargetDependency */,
			);
			name = LocalAgentAppTests;
			packageProductDependencies = (
				0A0000010000000000000301 /* LocalAgentBridge */,
			);
			productName = LocalAgentAppTests;
			productReference = 0A0000010000000000000023 /* LocalAgentAppTests.xctest */;
			productType = "com.apple.product-type.bundle.unit-test";
		};
/* End PBXNativeTarget section */

/* Begin PBXProject section */
		0A0000010000000000000020 /* Project object */ = {
			isa = PBXProject;
			attributes = {
				BuildIndependentTargetsInParallel = 1;
				LastSwiftUpdateCheck = 2630;
				LastUpgradeCheck = 2630;
				TargetAttributes = {
					0A0000010000000000000021 = {
						CreatedOnToolsVersion = 26.3;
					};
					0A0000010000000000000024 = {
						CreatedOnToolsVersion = 26.3;
						TestTargetID = 0A0000010000000000000021;
					};
				};
			};
			buildConfigurationList = 0A0000010000000000000090 /* Build configuration list for PBXProject "LocalAgentApp" */;
			developmentRegion = en;
			hasScannedForEncodings = 0;
			knownRegions = (
				en,
				Base,
			);
			mainGroup = 0A0000010000000000000050;
			minimizedProjectReferenceProxies = 1;
			packageReferences = (
				0A0000010000000000000300 /* XCLocalSwiftPackageReference "../../toolkit" */,
			);
			preferredProjectObjectVersion = 77;
			productRefGroup = 0A0000010000000000000053 /* Products */;
			projectDirPath = "";
			projectRoot = "";
			targets = (
				0A0000010000000000000021 /* LocalAgentApp */,
				0A0000010000000000000024 /* LocalAgentAppTests */,
			);
		};
/* End PBXProject section */

/* Begin PBXResourcesBuildPhase section */
		0A0000010000000000000062 /* Resources */ = {
			isa = PBXResourcesBuildPhase;
			buildActionMask = 2147483647;
			files = (
				0A000001000000000000000A /* Assets.xcassets in Resources */,
			);
			runOnlyForDeploymentPostprocessing = 0;
		};
		0A0000010000000000000064 /* Resources */ = {
			isa = PBXResourcesBuildPhase;
			buildActionMask = 2147483647;
			files = (
			);
			runOnlyForDeploymentPostprocessing = 0;
		};
/* End PBXResourcesBuildPhase section */

/* Begin PBXSourcesBuildPhase section */
		0A0000010000000000000061 /* Sources */ = {
			isa = PBXSourcesBuildPhase;
			buildActionMask = 2147483647;
			files = (
				0A0000010000000000000001 /* LocalAgentApp.swift in Sources */,
				0A0000010000000000000002 /* AppBootstrapper.swift in Sources */,
				0A0000010000000000000003 /* AppContainer.swift in Sources */,
				0A0000010000000000000004 /* AgentViewModel.swift in Sources */,
				0B0000010000000000001030 /* ConversationViewModel.swift in Sources */,
				0B0000010000000000001040 /* AgentRunViewModel.swift in Sources */,
				0C0000010000000000002018 /* ConversationWorkspaceView.swift in Sources */,
				0C0000010000000000002019 /* ConversationWorkspaceViewModel.swift in Sources */,
				0C000001000000000000201D /* ContextInspectorView.swift in Sources */,
				0C000001000000000000201B /* RunInlineCards.swift in Sources */,
				0C0000010000000000002021 /* ToolCenterView.swift in Sources */,
				0C000001000000000000201F /* ToolCenterViewModel.swift in Sources */,
				0A0000010000000000000005 /* AgentRuntimeService.swift in Sources */,
				0B0000010000000000001001 /* ConversationDomain.swift in Sources */,
				0B0000010000000000001002 /* ConversationDomainAdapter.swift in Sources */,
				0B0000010000000000001003 /* ExecutionDomain.swift in Sources */,
				0B0000010000000000001004 /* ExecutionDomainAdapter.swift in Sources */,
				0B0000010000000000001005 /* AgentProfileService.swift in Sources */,
				0B0000010000000000001006 /* AgentCompositionService.swift in Sources */,
				0B0000010000000000001007 /* RunLifecycleService.swift in Sources */,
				0B0000010000000000001008 /* RunEventStreamService.swift in Sources */,
				0B0000010000000000001009 /* ToolApprovalService.swift in Sources */,
				0B000001000000000000100A /* RunDebugService.swift in Sources */,
				0B000001000000000000100B /* InferenceSettingsService.swift in Sources */,
				0B0000010000000000001050 /* ChatInteractionCoordinator.swift in Sources */,
				0C000001000000000000200A /* BuilderFirstHostView.swift in Sources */,
				0C000001000000000000200C /* NativeHostToolDriver.swift in Sources */,
				0C000001000000000000200F /* NativeInteractionBroker.swift in Sources */,
				0C0000010000000000002011 /* AgentEntity.swift in Sources */,
				0C0000010000000000002012 /* ConversationEntity.swift in Sources */,
				0C0000010000000000002014 /* AppRoute.swift in Sources */,
				0C0000010000000000002017 /* AppShellView.swift in Sources */,
				0C0000010000000000002015 /* AppShellViewModel.swift in Sources */,
				0C000001000000000000200B /* NativeToolkitClient.swift in Sources */,
				0A0000010000000000000006 /* RuntimeEventReducer.swift in Sources */,
				0A0000010000000000000007 /* MinimalHostToolDriver.swift in Sources */,
				0A0000010000000000000008 /* AgentViewState.swift in Sources */,
				0A0000010000000000000009 /* ChatView.swift in Sources */,
				0A0000010000000000000014 /* MessageContent.swift in Sources */,
				0A0000010000000000000015 /* ReasoningTagParser.swift in Sources */,
				0A0000010000000000000017 /* RuntimeStreamBuffer.swift in Sources */,
				0A0000010000000000000018 /* ConversationService.swift in Sources */,
				0A0000010000000000000019 /* MessageContentView.swift in Sources */,
				0A000001000000000000001A /* ConversationListView.swift in Sources */,
				0A000001000000000000001B /* AttachmentService.swift in Sources */,
				0A000001000000000000001C /* AppIntentRouter.swift in Sources */,
				0A000001000000000000001D /* LocalAgentShortcuts.swift in Sources */,
				0A000001000000000000001E /* ChatManagementSheets.swift in Sources */,
				0C0000010000000000002005 /* AgentBuilderCards.swift in Sources */,
				0C0000010000000000002007 /* AgentBuilderContextPreviewView.swift in Sources */,
				0C0000010000000000002000 /* AgentBuilderDraftModels.swift in Sources */,
				0C0000010000000000002008 /* AgentBuilderPublishReviewView.swift in Sources */,
				0C0000010000000000002002 /* AgentBuilderToolCatalog.swift in Sources */,
				0C0000010000000000002006 /* AgentBuilderToolPickerView.swift in Sources */,
				0C0000010000000000002004 /* AgentBuilderView.swift in Sources */,
				0A0000010000000000000029 /* AgentBuilderViewModel.swift in Sources */,
				0A000001000000000000002A /* RuntimeProjectionModel.swift in Sources */,
			);
			runOnlyForDeploymentPostprocessing = 0;
		};
		0A0000010000000000000063 /* Sources */ = {
			isa = PBXSourcesBuildPhase;
			buildActionMask = 2147483647;
			files = (
				0A000001000000000000000D /* RuntimeEventReducerTests.swift in Sources */,
				0A000001000000000000000E /* MinimalHostToolDriverTests.swift in Sources */,
				0A000001000000000000000F /* AgentRuntimeServiceTests.swift in Sources */,
				0B0000010000000000001051 /* ChatInteractionCoordinatorTests.swift in Sources */,
				0B0000010000000000001020 /* ConversationDomainTests.swift in Sources */,
				0B0000010000000000001021 /* ExecutionDomainTests.swift in Sources */,
				0B0000010000000000001022 /* ExecutionDomainArchitectureTests.swift in Sources */,
				0A0000010000000000000010 /* AgentViewModelTests.swift in Sources */,
				0C000001000000000000201E /* ContextInspectorViewModelTests.swift in Sources */,
				0C000001000000000000201A /* ConversationWorkspaceViewModelTests.swift in Sources */,
				0B0000010000000000001031 /* ConversationViewModelTests.swift in Sources */,
				0C000001000000000000201C /* RunInlineCardsTests.swift in Sources */,
				0C0000010000000000002020 /* ToolCenterViewModelTests.swift in Sources */,
				0A0000010000000000000011 /* RustRuntimeAppIntegrationTests.swift in Sources */,
				0A0000010000000000000013 /* ReasoningTagParserTests.swift in Sources */,
				0A0000010000000000000016 /* RuntimeStreamBufferTests.swift in Sources */,
				0C0000010000000000002001 /* AgentBuilderDraftModelsTests.swift in Sources */,
				0C0000010000000000002003 /* AgentBuilderToolCatalogTests.swift in Sources */,
				0C0000010000000000002009 /* BuilderFirstHostViewModelTests.swift in Sources */,
				0C000001000000000000200E /* NativeHostToolDriverTests.swift in Sources */,
				0C0000010000000000002010 /* NativeInteractionBrokerTests.swift in Sources */,
				0C000001000000000000200D /* NativeToolkitClientTests.swift in Sources */,
				0C0000010000000000002013 /* AppIntentRoutingTests.swift in Sources */,
				0C0000010000000000002016 /* AppShellViewModelTests.swift in Sources */,
				0A0000010000000000000027 /* AgentBuilderViewModelTests.swift in Sources */,
				0A0000010000000000000028 /* RuntimeProjectionModelTests.swift in Sources */,
				0B0000010000000000001041 /* AgentRunViewModelTests.swift in Sources */,
			);
			runOnlyForDeploymentPostprocessing = 0;
		};
/* End PBXSourcesBuildPhase section */

/* Begin PBXTargetDependency section */
		0A0000010000000000000026 /* PBXTargetDependency */ = {
			isa = PBXTargetDependency;
			target = 0A0000010000000000000021 /* LocalAgentApp */;
			targetProxy = 0A0000010000000000000025 /* PBXContainerItemProxy */;
		};
/* End PBXTargetDependency section */

/* Begin XCBuildConfiguration section */
		0A0000010000000000000071 /* Debug */ = {
			isa = XCBuildConfiguration;
			buildSettings = {
				CLANG_ENABLE_MODULES = YES;
				CODE_SIGNING_ALLOWED = NO;
				CURRENT_PROJECT_VERSION = 1;
				DEVELOPMENT_TEAM = "";
				"EXCLUDED_ARCHS[sdk=iphonesimulator*]" = x86_64;
				GENERATE_INFOPLIST_FILE = NO;
				INFOPLIST_FILE = LocalAgentApp/Resources/Info.plist;
				IPHONEOS_DEPLOYMENT_TARGET = 17.0;
				LD_RUNPATH_SEARCH_PATHS = (
					"$(inherited)",
					"@executable_path/Frameworks",
				);
				MARKETING_VERSION = 1.0;
				PRODUCT_BUNDLE_IDENTIFIER = com.localagent.app;
				PRODUCT_NAME = "$(TARGET_NAME)";
				SDKROOT = iphoneos;
				SWIFT_VERSION = 6.0;
				TARGETED_DEVICE_FAMILY = "1,2";
			};
			name = Debug;
		};
		0A0000010000000000000072 /* Release */ = {
			isa = XCBuildConfiguration;
			buildSettings = {
				CLANG_ENABLE_MODULES = YES;
				CODE_SIGNING_ALLOWED = NO;
				CURRENT_PROJECT_VERSION = 1;
				DEVELOPMENT_TEAM = "";
				"EXCLUDED_ARCHS[sdk=iphonesimulator*]" = x86_64;
				GENERATE_INFOPLIST_FILE = NO;
				INFOPLIST_FILE = LocalAgentApp/Resources/Info.plist;
				IPHONEOS_DEPLOYMENT_TARGET = 17.0;
				LD_RUNPATH_SEARCH_PATHS = (
					"$(inherited)",
					"@executable_path/Frameworks",
				);
				MARKETING_VERSION = 1.0;
				PRODUCT_BUNDLE_IDENTIFIER = com.localagent.app;
				PRODUCT_NAME = "$(TARGET_NAME)";
				SDKROOT = iphoneos;
				SWIFT_VERSION = 6.0;
				TARGETED_DEVICE_FAMILY = "1,2";
			};
			name = Release;
		};
		0A0000010000000000000073 /* Debug */ = {
			isa = XCBuildConfiguration;
			buildSettings = {
				BUNDLE_LOADER = "$(TEST_HOST)";
				CODE_SIGNING_ALLOWED = NO;
				"EXCLUDED_ARCHS[sdk=iphonesimulator*]" = x86_64;
				GENERATE_INFOPLIST_FILE = YES;
				IPHONEOS_DEPLOYMENT_TARGET = 17.0;
				PRODUCT_BUNDLE_IDENTIFIER = com.localagent.app.tests;
				PRODUCT_NAME = "$(TARGET_NAME)";
				SDKROOT = iphoneos;
				SWIFT_VERSION = 6.0;
				TARGETED_DEVICE_FAMILY = "1,2";
				TEST_HOST = "$(BUILT_PRODUCTS_DIR)/LocalAgentApp.app/$(BUNDLE_EXECUTABLE_FOLDER_PATH)/LocalAgentApp";
			};
			name = Debug;
		};
		0A0000010000000000000074 /* Release */ = {
			isa = XCBuildConfiguration;
			buildSettings = {
				BUNDLE_LOADER = "$(TEST_HOST)";
				CODE_SIGNING_ALLOWED = NO;
				"EXCLUDED_ARCHS[sdk=iphonesimulator*]" = x86_64;
				GENERATE_INFOPLIST_FILE = YES;
				IPHONEOS_DEPLOYMENT_TARGET = 17.0;
				PRODUCT_BUNDLE_IDENTIFIER = com.localagent.app.tests;
				PRODUCT_NAME = "$(TARGET_NAME)";
				SDKROOT = iphoneos;
				SWIFT_VERSION = 6.0;
				TARGETED_DEVICE_FAMILY = "1,2";
				TEST_HOST = "$(BUILT_PRODUCTS_DIR)/LocalAgentApp.app/$(BUNDLE_EXECUTABLE_FOLDER_PATH)/LocalAgentApp";
			};
			name = Release;
		};
		0A0000010000000000000075 /* Debug */ = {
			isa = XCBuildConfiguration;
			buildSettings = {
				ALWAYS_SEARCH_USER_PATHS = NO;
				CLANG_ANALYZER_NONNULL = YES;
				CLANG_ANALYZER_NUMBER_OBJECT_CONVERSION = YES_AGGRESSIVE;
				CLANG_CXX_LANGUAGE_STANDARD = "gnu++20";
				CLANG_ENABLE_OBJC_ARC = YES;
				CLANG_ENABLE_OBJC_WEAK = YES;
				CLANG_WARN_BLOCK_CAPTURE_AUTORELEASING = YES;
				CLANG_WARN_BOOL_CONVERSION = YES;
				CLANG_WARN_COMMA = YES;
				CLANG_WARN_CONSTANT_CONVERSION = YES;
				CLANG_WARN_DEPRECATED_OBJC_IMPLEMENTATIONS = YES;
				CLANG_WARN_DIRECT_OBJC_ISA_USAGE = YES_ERROR;
				CLANG_WARN_DOCUMENTATION_COMMENTS = YES;
				CLANG_WARN_EMPTY_BODY = YES;
				CLANG_WARN_ENUM_CONVERSION = YES;
				CLANG_WARN_INFINITE_RECURSION = YES;
				CLANG_WARN_INT_CONVERSION = YES;
				CLANG_WARN_NON_LITERAL_NULL_CONVERSION = YES;
				CLANG_WARN_OBJC_IMPLICIT_RETAIN_SELF = YES;
				CLANG_WARN_OBJC_LITERAL_CONVERSION = YES;
				CLANG_WARN_OBJC_ROOT_CLASS = YES_ERROR;
				CLANG_WARN_QUOTED_INCLUDE_IN_FRAMEWORK_HEADER = YES;
				CLANG_WARN_RANGE_LOOP_ANALYSIS = YES;
				CLANG_WARN_STRICT_PROTOTYPES = YES;
				CLANG_WARN_SUSPICIOUS_MOVE = YES;
				CLANG_WARN_UNGUARDED_AVAILABILITY = YES_AGGRESSIVE;
				CLANG_WARN_UNREACHABLE_CODE = YES;
				CLANG_WARN__DUPLICATE_METHOD_MATCH = YES;
				COPY_PHASE_STRIP = NO;
				DEBUG_INFORMATION_FORMAT = dwarf;
				ENABLE_STRICT_OBJC_MSGSEND = YES;
				ENABLE_TESTABILITY = YES;
				GCC_C_LANGUAGE_STANDARD = gnu17;
				GCC_DYNAMIC_NO_PIC = NO;
				GCC_NO_COMMON_BLOCKS = YES;
				GCC_OPTIMIZATION_LEVEL = 0;
				GCC_PREPROCESSOR_DEFINITIONS = (
					"DEBUG=1",
					"$(inherited)",
				);
				GCC_WARN_64_TO_32_BIT_CONVERSION = YES;
				GCC_WARN_ABOUT_RETURN_TYPE = YES_ERROR;
				GCC_WARN_UNDECLARED_SELECTOR = YES;
				GCC_WARN_UNINITIALIZED_AUTOS = YES_AGGRESSIVE;
				GCC_WARN_UNUSED_FUNCTION = YES;
				GCC_WARN_UNUSED_VARIABLE = YES;
				IPHONEOS_DEPLOYMENT_TARGET = 17.0;
				MTL_ENABLE_DEBUG_INFO = INCLUDE_SOURCE;
				MTL_FAST_MATH = YES;
				ONLY_ACTIVE_ARCH = YES;
				SDKROOT = iphoneos;
				SWIFT_ACTIVE_COMPILATION_CONDITIONS = DEBUG;
				SWIFT_OPTIMIZATION_LEVEL = "-Onone";
			};
			name = Debug;
		};
		0A0000010000000000000076 /* Release */ = {
			isa = XCBuildConfiguration;
			buildSettings = {
				ALWAYS_SEARCH_USER_PATHS = NO;
				CLANG_ANALYZER_NONNULL = YES;
				CLANG_ANALYZER_NUMBER_OBJECT_CONVERSION = YES_AGGRESSIVE;
				CLANG_CXX_LANGUAGE_STANDARD = "gnu++20";
				CLANG_ENABLE_OBJC_ARC = YES;
				CLANG_ENABLE_OBJC_WEAK = YES;
				CLANG_WARN_BLOCK_CAPTURE_AUTORELEASING = YES;
				CLANG_WARN_BOOL_CONVERSION = YES;
				CLANG_WARN_COMMA = YES;
				CLANG_WARN_CONSTANT_CONVERSION = YES;
				CLANG_WARN_DEPRECATED_OBJC_IMPLEMENTATIONS = YES;
				CLANG_WARN_DIRECT_OBJC_ISA_USAGE = YES_ERROR;
				CLANG_WARN_DOCUMENTATION_COMMENTS = YES;
				CLANG_WARN_EMPTY_BODY = YES;
				CLANG_WARN_ENUM_CONVERSION = YES;
				CLANG_WARN_INFINITE_RECURSION = YES;
				CLANG_WARN_INT_CONVERSION = YES;
				CLANG_WARN_NON_LITERAL_NULL_CONVERSION = YES;
				CLANG_WARN_OBJC_IMPLICIT_RETAIN_SELF = YES;
				CLANG_WARN_OBJC_LITERAL_CONVERSION = YES;
				CLANG_WARN_OBJC_ROOT_CLASS = YES_ERROR;
				CLANG_WARN_QUOTED_INCLUDE_IN_FRAMEWORK_HEADER = YES;
				CLANG_WARN_RANGE_LOOP_ANALYSIS = YES;
				CLANG_WARN_STRICT_PROTOTYPES = YES;
				CLANG_WARN_SUSPICIOUS_MOVE = YES;
				CLANG_WARN_UNGUARDED_AVAILABILITY = YES_AGGRESSIVE;
				CLANG_WARN_UNREACHABLE_CODE = YES;
				CLANG_WARN__DUPLICATE_METHOD_MATCH = YES;
				COPY_PHASE_STRIP = NO;
				DEBUG_INFORMATION_FORMAT = "dwarf-with-dsym";
				ENABLE_STRICT_OBJC_MSGSEND = YES;
				ENABLE_TESTABILITY = NO;
				GCC_C_LANGUAGE_STANDARD = gnu17;
				GCC_NO_COMMON_BLOCKS = YES;
				GCC_WARN_64_TO_32_BIT_CONVERSION = YES;
				GCC_WARN_ABOUT_RETURN_TYPE = YES_ERROR;
				GCC_WARN_UNDECLARED_SELECTOR = YES;
				GCC_WARN_UNINITIALIZED_AUTOS = YES_AGGRESSIVE;
				GCC_WARN_UNUSED_FUNCTION = YES;
				GCC_WARN_UNUSED_VARIABLE = YES;
				IPHONEOS_DEPLOYMENT_TARGET = 17.0;
				MTL_FAST_MATH = YES;
				SDKROOT = iphoneos;
				SWIFT_COMPILATION_MODE = wholemodule;
				SWIFT_OPTIMIZATION_LEVEL = "-O";
			};
			name = Release;
		};
/* End XCBuildConfiguration section */

/* Begin XCConfigurationList section */
		0A0000010000000000000090 /* Build configuration list for PBXProject "LocalAgentApp" */ = {
			isa = XCConfigurationList;
			buildConfigurations = (
				0A0000010000000000000075 /* Debug */,
				0A0000010000000000000076 /* Release */,
			);
			defaultConfigurationIsVisible = 0;
			defaultConfigurationName = Release;
		};
		0A0000010000000000000091 /* Build configuration list for PBXNativeTarget "LocalAgentApp" */ = {
			isa = XCConfigurationList;
			buildConfigurations = (
				0A0000010000000000000071 /* Debug */,
				0A0000010000000000000072 /* Release */,
			);
			defaultConfigurationIsVisible = 0;
			defaultConfigurationName = Release;
		};
		0A0000010000000000000092 /* Build configuration list for PBXNativeTarget "LocalAgentAppTests" */ = {
			isa = XCConfigurationList;
			buildConfigurations = (
				0A0000010000000000000073 /* Debug */,
				0A0000010000000000000074 /* Release */,
			);
			defaultConfigurationIsVisible = 0;
			defaultConfigurationName = Release;
		};
/* End XCConfigurationList section */

/* Begin XCLocalSwiftPackageReference section */
		0A0000010000000000000300 /* XCLocalSwiftPackageReference "../../toolkit" */ = {
			isa = XCLocalSwiftPackageReference;
			relativePath = ../../toolkit;
		};
/* End XCLocalSwiftPackageReference section */

/* Begin XCSwiftPackageProductDependency section */
		0A0000010000000000000301 /* LocalAgentBridge */ = {
			isa = XCSwiftPackageProductDependency;
			package = 0A0000010000000000000300 /* XCLocalSwiftPackageReference "../../toolkit" */;
			productName = LocalAgentBridge;
		};
		0A0000010000000000000302 /* LocalNativeToolkit */ = {
			isa = XCSwiftPackageProductDependency;
			package = 0A0000010000000000000300 /* XCLocalSwiftPackageReference "../../toolkit" */;
			productName = LocalNativeToolkit;
		};
/* End XCSwiftPackageProductDependency section */
	};
	rootObject = 0A0000010000000000000020 /* Project object */;
}
